// !$*UTF8*$!
{
	archiveVersion = 1;
	classes = {
	};
	objectVersion = 56;
	objects = {

/* Begin PBXBuildFile section */
		A91F4FCE2A3DA2B3003EF1A5 /* NotePreviewSampleData.swift in Sources */ = {isa = PBXBuildFile; fileRef = A91F4FCD2A3DA2B3003EF1A5 /* NotePreviewSampleData.swift */; };
		A91F4FD12A3DA542003EF1A5 /* NotePreviewCell.swift in Sources */ = {isa = PBXBuildFile; fileRef = A91F4FD02A3DA542003EF1A5 /* NotePreviewCell.swift */; };
		A9FDCC622A361B6700233CCD /* swiftdata_exampleApp.swift in Sources */ = {isa = PBXBuildFile; fileRef = A9FDCC612A361B6700233CCD /* swiftdata_exampleApp.swift */; };
		A9FDCC642A361B6700233CCD /* ContentView.swift in Sources */ = {isa = PBXBuildFile; fileRef = A9FDCC632A361B6700233CCD /* ContentView.swift */; };
		A9FDCC662A361B6800233CCD /* Assets.xcassets in Resources */ = {isa = PBXBuildFile; fileRef = A9FDCC652A361B6800233CCD /* Assets.xcassets */; };
		A9FDCC692A361B6800233CCD /* Preview Assets.xcassets in Resources */ = {isa = PBXBuildFile; fileRef = A9FDCC682A361B6800233CCD /* Preview Assets.xcassets */; };
		A9FDCC712A361D5600233CCD /* Note.swift in Sources */ = {isa = PBXBuildFile; fileRef = A9FDCC702A361D5600233CCD /* Note.swift */; };
/* End PBXBuildFile section */

/* Begin PBXFileReference section */
		A91F4FCD2A3DA2B3003EF1A5 /* NotePreviewSampleData.swift */ = {isa = PBXFileReference; lastKnownFileType = sourcecode.swift; path = NotePreviewSampleData.swift; sourceTree = "<group>"; };
		A91F4FD02A3DA542003EF1A5 /* NotePreviewCell.swift */ = {isa = PBXFileReference; lastKnownFileType = sourcecode.swift; path = NotePreviewCell.swift; sourceTree = "<group>"; };
		A9FDCC5E2A361B6700233CCD /* swiftdata-example.app */ = {isa = PBXFileReference; explicitFileType = wrapper.application; includeInIndex = 0; path = "swiftdata-example.app"; sourceTree = BUILT_PRODUCTS_DIR; };
		A9FDCC612A361B6700233CCD /* swiftdata_exampleApp.swift */ = {isa = PBXFileReference; lastKnownFileType = sourcecode.swift; path = swiftdata_exampleApp.swift; sourceTree = "<group>"; };
		A9FDCC632A361B6700233CCD /* ContentView.swift */ = {isa = PBXFileReference; lastKnownFileType = sourcecode.swift; path = ContentView.swift; sourceTree = "<group>"; };
		A9FDCC652A361B6800233CCD /* Assets.xcassets */ = {isa = PBXFileReference; lastKnownFileType = folder.assetcatalog; path = Assets.xcassets; sourceTree = "<group>"; };
		A9FDCC682A361B6800233CCD /* Preview Assets.xcassets */ = {isa = PBXFileReference; lastKnownFileType = folder.assetcatalog; path = "Preview Assets.xcassets"; sourceTree = "<group>"; };
		A9FDCC702A361D5600233CCD /* Note.swift */ = {isa = PBXFileReference; lastKnownFileType = sourcecode.swift; path = Note.swift; sourceTree = "<group>"; };
/* End PBXFileReference section */

/* Begin PBXFrameworksBuildPhase section */
		A9FDCC5B2A361B6700233CCD /* Frameworks */ = {
			isa = PBXFrameworksBuildPhase;
			buildActionMask = 2147483647;
			files = (
			);
			runOnlyForDeploymentPostprocessing = 0;
		};
/* End PBXFrameworksBuildPhase section */

/* Begin PBXGroup section */
		A91F4FCF2A3DA52D003EF1A5 /* Views */ = {
			isa = PBXGroup;
			children = (
				A91F4FD02A3DA542003EF1A5 /* NotePreviewCell.swift */,
			);
			path = Views;
			sourceTree = "<group>";
		};
		A9FDCC552A361B6700233CCD = {
			isa = PBXGroup;
			children = (
				A9FDCC602A361B6700233CCD /* swiftdata-example */,
				A9FDCC5F2A361B6700233CCD /* Products */,
			);
			sourceTree = "<group>";
		};
		A9FDCC5F2A361B6700233CCD /* Products */ = {
			isa = PBXGroup;
			children = (
				A9FDCC5E2A361B6700233CCD /* swiftdata-example.app */,
			);
			name = Products;
			sourceTree = "<group>";
		};
		A9FDCC602A361B6700233CCD /* swiftdata-example */ = {
			isa = PBXGroup;
			children = (
				A9FDCC612A361B6700233CCD /* swiftdata_exampleApp.swift */,
				A9FDCC632A361B6700233CCD /* ContentView.swift */,
				A91F4FCF2A3DA52D003EF1A5 /* Views */,
				A9FDCC6F2A361D1400233CCD /* ModelData */,
				A9FDCC652A361B6800233CCD /* Assets.xcassets */,
				A9FDCC672A361B6800233CCD /* Preview Content */,
			);
			path = "swiftdata-example";
			sourceTree = "<group>";
		};
		A9FDCC672A361B6800233CCD /* Preview Content */ = {
			isa = PBXGroup;
			children = (
				A9FDCC682A361B6800233CCD /* Preview Assets.xcassets */,
			);
			path = "Preview Content";
			sourceTree = "<group>";
		};
		A9FDCC6F2A361D1400233CCD /* ModelData */ = {
			isa = PBXGroup;
			children = (
				A9FDCC702A361D5600233CCD /* Note.swift */,
				A91F4FCD2A3DA2B3003EF1A5 /* NotePreviewSampleData.swift */,
			);
			path = ModelData;
			sourceTree = "<group>";
		};
/* End PBXGroup section */

/* Begin PBXNativeTarget section */
		A9FDCC5D2A361B6700233CCD /* swiftdata-example */ = {
			isa = PBXNativeTarget;
			buildConfigurationList = A9FDCC6C2A361B6800233CCD /* Build configuration list for PBXNativeTarget "swiftdata-example" */;
			buildPhases = (
				A9FDCC5A2A361B6700233CCD /* Sources */,
				A9FDCC5B2A361B6700233CCD /* Frameworks */,
				A9FDCC5C2A361B6700233CCD /* Resources */,
			);
			buildRules = (
			);
			dependencies = (
			);
			name = "swiftdata-example";
			productName = "swiftdata-example";
			productReference = A9FDCC5E2A361B6700233CCD /* swiftdata-example.app */;
			productType = "com.apple.product-type.application";
		};
/* End PBXNativeTarget section */

/* Begin PBXProject section */
		A9FDCC562A361B6700233CCD /* Project object */ = {
			isa = PBXProject;
			attributes = {
				BuildIndependentTargetsInParallel = 1;
				LastSwiftUpdateCheck = 1500;
				LastUpgradeCheck = 1500;
				TargetAttributes = {
					A9FDCC5D2A361B6700233CCD = {
						CreatedOnToolsVersion = 15.0;
					};
				};
			};
			buildConfigurationList = A9FDCC592A361B6700233CCD /* Build configuration list for PBXProject "swiftdata-example" */;
			compatibilityVersion = "Xcode 14.0";
			developmentRegion = en;
			hasScannedForEncodings = 0;
			knownRegions = (
				en,
				Base,
			);
			mainGroup = A9FDCC552A361B6700233CCD;
			productRefGroup = A9FDCC5F2A361B6700233CCD /* Products */;
			projectDirPath = "";
			projectRoot = "";
			targets = (
				A9FDCC5D2A361B6700233CCD /* swiftdata-example */,
			);
		};
/* End PBXProject section */

/* Begin PBXResourcesBuildPhase section */
		A9FDCC5C2A361B6700233CCD /* Resources */ = {
			isa = PBXResourcesBuildPhase;
			buildActionMask = 2147483647;
			files = (
				A9FDCC692A361B6800233CCD /* Preview Assets.xcassets in Resources */,
				A9FDCC662A361B6800233CCD /* Assets.xcassets in Resources */,
			);
			runOnlyForDeploymentPostprocessing = 0;
		};
/* End PBXResourcesBuildPhase section */

/* Begin PBXSourcesBuildPhase section */
		A9FDCC5A2A361B6700233CCD /* Sources */ = {
			isa = PBXSourcesBuildPhase;
			buildActionMask = 2147483647;
			files = (
				A9FDCC712A361D5600233CCD /* Note.swift in Sources */,
				A9FDCC642A361B6700233CCD /* ContentView.swift in Sources */,
				A91F4FCE2A3DA2B3003EF1A5 /* NotePreviewSampleData.swift in Sources */,
				A9FDCC622A361B6700233CCD /* swiftdata_exampleApp.swift in Sources */,
				A91F4FD12A3DA542003EF1A5 /* NotePreviewCell.swift in Sources */,
			);
			runOnlyForDeploymentPostprocessing = 0;
		};
/* End PBXSourcesBuildPhase section */

/* Begin XCBuildConfiguration section */
		A9FDCC6A2A361B6800233CCD /* Debug */ = {
			isa = XCBuildConfiguration;
			buildSettings = {
				ALWAYS_SEARCH_USER_PATHS = NO;
				ASSETCATALOG_COMPILER_GENERATE_SWIFT_ASSET_SYMBOL_EXTENSIONS = YES;
				CLANG_ANALYZER_NONNULL = YES;
				CLANG_ANALYZER_NUMBER_OBJECT_CONVERSION = YES_AGGRESSIVE;
				CLANG_CXX_LANGUAGE_STANDARD = "gnu++20";
				CLANG_ENABLE_MODULES = YES;
				CLANG_ENABLE_OBJC_ARC = YES;
				CLANG_ENABLE_OBJC_WEAK = YES;
				CLANG_WARN_BLOCK_CAPTURE_AUTORELEASING = YES;
				CLANG_WARN_BOOL_CONVERSION = YES;
				CLANG_WARN_COMMA = YES;
				CLANG_WARN_CONSTANT_CONVERSION = YES;
				CLANG_WARN_DEPRECATED_OBJC_IMPLEMENTATIONS = YES;
				CLANG_WARN_DIRECT_OBJC_ISA_USAGE = YES_ERROR;
				CLANG_WARN_DOCUMENTATION_COMMENTS = YES;
				CLANG_WARN_EMPTY_BODY = YES;
				CLANG_WARN_ENUM_CONVERSION = YES;
				CLANG_WARN_INFINITE_RECURSION = YES;
				CLANG_WARN_INT_CONVERSION = YES;
				CLANG_WARN_NON_LITERAL_NULL_CONVERSION = YES;
				CLANG_WARN_OBJC_IMPLICIT_RETAIN_SELF = YES;
				CLANG_WARN_OBJC_LITERAL_CONVERSION = YES;
				CLANG_WARN_OBJC_ROOT_CLASS = YES_ERROR;
				CLANG_WARN_QUOTED_INCLUDE_IN_FRAMEWORK_HEADER = YES;
				CLANG_WARN_RANGE_LOOP_ANALYSIS = YES;
				CLANG_WARN_STRICT_PROTOTYPES = YES;
				CLANG_WARN_SUSPICIOUS_MOVE = YES;
				CLANG_WARN_UNGUARDED_AVAILABILITY = YES_AGGRESSIVE;
				CLANG_WARN_UNREACHABLE_CODE = YES;
				CLANG_WARN__DUPLICATE_METHOD_MATCH = YES;
				COPY_PHASE_STRIP = NO;
				DEBUG_INFORMATION_FORMAT = dwarf;
				ENABLE_STRICT_OBJC_MSGSEND = YES;
				ENABLE_TESTABILITY = YES;
				ENABLE_USER_SCRIPT_SANDBOXING = YES;
				GCC_C_LANGUAGE_STANDARD = gnu17;
				GCC_DYNAMIC_NO_PIC = NO;
				GCC_NO_COMMON_BLOCKS = YES;
				GCC_OPTIMIZATION_LEVEL = 0;
				GCC_PREPROCESSOR_DEFINITIONS = (
					"DEBUG=1",
					"$(inherited)",
				);
				GCC_WARN_64_TO_32_BIT_CONVERSION = YES;
				GCC_WARN_ABOUT_RETURN_TYPE = YES_ERROR;
				GCC_WARN_UNDECLARED_SELECTOR = YES;
				GCC_WARN_UNINITIALIZED_AUTOS = YES_AGGRESSIVE;
				GCC_WARN_UNUSED_FUNCTION = YES;
				GCC_WARN_UNUSED_VARIABLE = YES;
				IPHONEOS_DEPLOYMENT_TARGET = 17.0;
				LOCALIZATION_PREFERS_STRING_CATALOGS = YES;
				MTL_ENABLE_DEBUG_INFO = INCLUDE_SOURCE;
				MTL_FAST_MATH = YES;
				ONLY_ACTIVE_ARCH = YES;
				SDKROOT = iphoneos;
				SWIFT_ACTIVE_COMPILATION_CONDITIONS = "DEBUG $(inherited)";
				SWIFT_OPTIMIZATION_LEVEL = "-Onone";
			};
			name = Debug;
		};
		A9FDCC6B2A361B6800233CCD /* Release */ = {
			isa = XCBuildConfiguration;
			buildSettings = {
				ALWAYS_SEARCH_USER_PATHS = NO;
				ASSETCATALOG_COMPILER_GENERATE_SWIFT_ASSET_SYMBOL_EXTENSIONS = YES;
				CLANG_ANALYZER_NONNULL = YES;
				CLANG_ANALYZER_NUMBER_OBJECT_CONVERSION = YES_AGGRESSIVE;
				CLANG_CXX_LANGUAGE_STANDARD = "gnu++20";
				CLANG_ENABLE_MODULES = YES;
				CLANG_ENABLE_OBJC_ARC = YES;
				CLANG_ENABLE_OBJC_WEAK = YES;
				CLANG_WARN_BLOCK_CAPTURE_AUTORELEASING = YES;
				CLANG_WARN_BOOL_CONVERSION = YES;
				CLANG_WARN_COMMA = YES;
				CLANG_WARN_CONSTANT_CONVERSION = YES;
				CLANG_WARN_DEPRECATED_OBJC_IMPLEMENTATIONS = YES;
				CLANG_WARN_DIRECT_OBJC_ISA_USAGE = YES_ERROR;
				CLANG_WARN_DOCUMENTATION_COMMENTS = YES;
				CLANG_WARN_EMPTY_BODY = YES;
				CLANG_WARN_ENUM_CONVERSION = YES;
				CLANG_WARN_INFINITE_RECURSION = YES;
				CLANG_WARN_INT_CONVERSION = YES;
				CLANG_WARN_NON_LITERAL_NULL_CONVERSION = YES;
				CLANG_WARN_OBJC_IMPLICIT_RETAIN_SELF = YES;
				CLANG_WARN_OBJC_LITERAL_CONVERSION = YES;
				CLANG_WARN_OBJC_ROOT_CLASS = YES_ERROR;
				CLANG_WARN_QUOTED_INCLUDE_IN_FRAMEWORK_HEADER = YES;
				CLANG_WARN_RANGE_LOOP_ANALYSIS = YES;
				CLANG_WARN_STRICT_PROTOTYPES = YES;
				CLANG_WARN_SUSPICIOUS_MOVE = YES;
				CLANG_WARN_UNGUARDED_AVAILABILITY = YES_AGGRESSIVE;
				CLANG_WARN_UNREACHABLE_CODE = YES;
				CLANG_WARN__DUPLICATE_METHOD_MATCH = YES;
				COPY_PHASE_STRIP = NO;
				DEBUG_INFORMATION_FORMAT = "dwarf-with-dsym";
				ENABLE_NS_ASSERTIONS = NO;
				ENABLE_STRICT_OBJC_MSGSEND = YES;
				ENABLE_USER_SCRIPT_SANDBOXING = YES;
				GCC_C_LANGUAGE_STANDARD = gnu17;
				GCC_NO_COMMON_BLOCKS = YES;
				GCC_WARN_64_TO_32_BIT_CONVERSION = YES;
				GCC_WARN_ABOUT_RETURN_TYPE = YES_ERROR;
				GCC_WARN_UNDECLARED_SELECTOR = YES;
				GCC_WARN_UNINITIALIZED_AUTOS = YES_AGGRESSIVE;
				GCC_WARN_UNUSED_FUNCTION = YES;
				GCC_WARN_UNUSED_VARIABLE = YES;
				IPHONEOS_DEPLOYMENT_TARGET = 17.0;
				LOCALIZATION_PREFERS_STRING_CATALOGS = YES;
				MTL_ENABLE_DEBUG_INFO = NO;
				MTL_FAST_MATH = YES;
				SDKROOT = iphoneos;
				SWIFT_COMPILATION_MODE = wholemodule;
				VALIDATE_PRODUCT = YES;
			};
			name = Release;
		};
		A9FDCC6D2A361B6800233CCD /* Debug */ = {
			isa = XCBuildConfiguration;
			buildSettings = {
				ASSETCATALOG_COMPILER_APPICON_NAME = AppIcon;
				ASSETCATALOG_COMPILER_GLOBAL_ACCENT_COLOR_NAME = AccentColor;
				CODE_SIGN_STYLE = Automatic;
				CURRENT_PROJECT_VERSION = 1;
				DEVELOPMENT_ASSET_PATHS = "\"swiftdata-example/Preview Content\"";
				DEVELOPMENT_TEAM = YRB62S584T;
				ENABLE_PREVIEWS = YES;
				GENERATE_INFOPLIST_FILE = YES;
				INFOPLIST_KEY_UIApplicationSceneManifest_Generation = YES;
				INFOPLIST_KEY_UIApplicationSupportsIndirectInputEvents = YES;
				INFOPLIST_KEY_UILaunchScreen_Generation = YES;
				INFOPLIST_KEY_UISupportedInterfaceOrientations_iPad = "UIInterfaceOrientationPortrait UIInterfaceOrientationPortraitUpsideDown UIInterfaceOrientationLandscapeLeft UIInterfaceOrientationLandscapeRight";
				INFOPLIST_KEY_UISupportedInterfaceOrientations_iPhone = "UIInterfaceOrientationPortrait UIInterfaceOrientationLandscapeLeft UIInterfaceOrientationLandscapeRight";
				LD_RUNPATH_SEARCH_PATHS = (
					"$(inherited)",
					"@executable_path/Frameworks",
				);
				MARKETING_VERSION = 1.0;
				PRODUCT_BUNDLE_IDENTIFIER = "com.noreply-eamil.swiftdata-example";
				PRODUCT_NAME = "$(TARGET_NAME)";
				SWIFT_EMIT_LOC_STRINGS = YES;
				SWIFT_VERSION = 5.0;
				TARGETED_DEVICE_FAMILY = "1,2";
			};
			name = Debug;
		};
		A9FDCC6E2A361B6800233CCD /* Release */ = {
			isa = XCBuildConfiguration;
			buildSettings = {
				ASSETCATALOG_COMPILER_APPICON_NAME = AppIcon;
				ASSETCATALOG_COMPILER_GLOBAL_ACCENT_COLOR_NAME = AccentColor;
				CODE_SIGN_STYLE = Automatic;
				CURRENT_PROJECT_VERSION = 1;
				DEVELOPMENT_ASSET_PATHS = "\"swiftdata-example/Preview Content\"";
				DEVELOPMENT_TEAM = YRB62S584T;
				ENABLE_PREVIEWS = YES;
				GENERATE_INFOPLIST_FILE = YES;
				INFOPLIST_KEY_UIApplicationSceneManifest_Generation = YES;
				INFOPLIST_KEY_UIApplicationSupportsIndirectInputEvents = YES;
				INFOPLIST_KEY_UILaunchScreen_Generation = YES;
				INFOPLIST_KEY_UISupportedInterfaceOrientations_iPad = "UIInterfaceOrientationPortrait UIInterfaceOrientationPortraitUpsideDown UIInterfaceOrientationLandscapeLeft UIInterfaceOrientationLandscapeRight";
				INFOPLIST_KEY_UISupportedInterfaceOrientations_iPhone = "UIInterfaceOrientationPortrait UIInterfaceOrientationLandscapeLeft UIInterfaceOrientationLandscapeRight";
				LD_RUNPATH_SEARCH_PATHS = (
					"$(inherited)",
					"@executable_path/Frameworks",
				);
				MARKETING_VERSION = 1.0;
				PRODUCT_BUNDLE_IDENTIFIER = "com.noreply-eamil.swiftdata-example";
				PRODUCT_NAME = "$(TARGET_NAME)";
				SWIFT_EMIT_LOC_STRINGS = YES;
				SWIFT_VERSION = 5.0;
				TARGETED_DEVICE_FAMILY = "1,2";
			};
			name = Release;
		};
/* End XCBuildConfiguration section */

/* Begin XCConfigurationList section */
		A9FDCC592A361B6700233CCD /* Build configuration list for PBXProject "swiftdata-example" */ = {
			isa = XCConfigurationList;
			buildConfigurations = (
				A9FDCC6A2A361B6800233CCD /* Debug */,
				A9FDCC6B2A361B6800233CCD /* Release */,
			);
			defaultConfigurationIsVisible = 0;
			defaultConfigurationName = Release;
		};
		A9FDCC6C2A361B6800233CCD /* Build configuration list for PBXNativeTarget "swiftdata-example" */ = {
			isa = XCConfigurationList;
			buildConfigurations = (
				A9FDCC6D2A361B6800233CCD /* Debug */,
				A9FDCC6E2A361B6800233CCD /* Release */,
			);
			defaultConfigurationIsVisible = 0;
			defaultConfigurationName = Release;
		};
/* End XCConfigurationList section */
	};
	rootObject = A9FDCC562A361B6700233CCD /* Project object */;
}
