// !$*UTF8*$!
{
	archiveVersion = 1;
	classes = {
	};
	objectVersion = 56;
	objects = {

/* Begin PBXBuildFile section */
		A99C11272A41DAEE0061DB01 /* lift_subjects_from_imagesApp.swift in Sources */ = {isa = PBXBuildFile; fileRef = A99C11262A41DAEE0061DB01 /* lift_subjects_from_imagesApp.swift */; };
		A99C11292A41DAEE0061DB01 /* ContentView.swift in Sources */ = {isa = PBXBuildFile; fileRef = A99C11282A41DAEE0061DB01 /* ContentView.swift */; };
		A99C112B2A41DAEF0061DB01 /* Assets.xcassets in Resources */ = {isa = PBXBuildFile; fileRef = A99C112A2A41DAEF0061DB01 /* Assets.xcassets */; };
		A99C112E2A41DAEF0061DB01 /* Preview Assets.xcassets in Resources */ = {isa = PBXBuildFile; fileRef = A99C112D2A41DAEF0061DB01 /* Preview Assets.xcassets */; };
		A99C11352A41DBD40061DB01 /* ImageLift.swift in Sources */ = {isa = PBXBuildFile; fileRef = A99C11342A41DBD40061DB01 /* ImageLift.swift */; };
		A99C11372A41DE400061DB01 /* ImageLiftView.swift in Sources */ = {isa = PBXBuildFile; fileRef = A99C11362A41DE400061DB01 /* ImageLiftView.swift */; };
/* End PBXBuildFile section */

/* Begin PBXFileReference section */
		A99C11232A41DAEE0061DB01 /* lift-subjects-from-images.app */ = {isa = PBXFileReference; explicitFileType = wrapper.application; includeInIndex = 0; path = "lift-subjects-from-images.app"; sourceTree = BUILT_PRODUCTS_DIR; };
		A99C11262A41DAEE0061DB01 /* lift_subjects_from_imagesApp.swift */ = {isa = PBXFileReference; lastKnownFileType = sourcecode.swift; path = lift_subjects_from_imagesApp.swift; sourceTree = "<group>"; };
		A99C11282A41DAEE0061DB01 /* ContentView.swift */ = {isa = PBXFileReference; lastKnownFileType = sourcecode.swift; path = ContentView.swift; sourceTree = "<group>"; };
		A99C112A2A41DAEF0061DB01 /* Assets.xcassets */ = {isa = PBXFileReference; lastKnownFileType = folder.assetcatalog; path = Assets.xcassets; sourceTree = "<group>"; };
		A99C112D2A41DAEF0061DB01 /* Preview Assets.xcassets */ = {isa = PBXFileReference; lastKnownFileType = folder.assetcatalog; path = "Preview Assets.xcassets"; sourceTree = "<group>"; };
		A99C11342A41DBD40061DB01 /* ImageLift.swift */ = {isa = PBXFileReference; lastKnownFileType = sourcecode.swift; path = ImageLift.swift; sourceTree = "<group>"; };
		A99C11362A41DE400061DB01 /* ImageLiftView.swift */ = {isa = PBXFileReference; lastKnownFileType = sourcecode.swift; path = ImageLiftView.swift; sourceTree = "<group>"; };
/* End PBXFileReference section */

/* Begin PBXFrameworksBuildPhase section */
		A99C11202A41DAEE0061DB01 /* Frameworks */ = {
			isa = PBXFrameworksBuildPhase;
			buildActionMask = 2147483647;
			files = (
			);
			runOnlyForDeploymentPostprocessing = 0;
		};
/* End PBXFrameworksBuildPhase section */

/* Begin PBXGroup section */
		A99C111A2A41DAED0061DB01 = {
			isa = PBXGroup;
			children = (
				A99C11252A41DAEE0061DB01 /* lift-subjects-from-images */,
				A99C11242A41DAEE0061DB01 /* Products */,
			);
			sourceTree = "<group>";
		};
		A99C11242A41DAEE0061DB01 /* Products */ = {
			isa = PBXGroup;
			children = (
				A99C11232A41DAEE0061DB01 /* lift-subjects-from-images.app */,
			);
			name = Products;
			sourceTree = "<group>";
		};
		A99C11252A41DAEE0061DB01 /* lift-subjects-from-images */ = {
			isa = PBXGroup;
			children = (
				A99C11262A41DAEE0061DB01 /* lift_subjects_from_imagesApp.swift */,
				A99C11282A41DAEE0061DB01 /* ContentView.swift */,
				A99C11362A41DE400061DB01 /* ImageLiftView.swift */,
				A99C11342A41DBD40061DB01 /* ImageLift.swift */,
				A99C112A2A41DAEF0061DB01 /* Assets.xcassets */,
				A99C112C2A41DAEF0061DB01 /* Preview Content */,
			);
			path = "lift-subjects-from-images";
			sourceTree = "<group>";
		};
		A99C112C2A41DAEF0061DB01 /* Preview Content */ = {
			isa = PBXGroup;
			children = (
				A99C112D2A41DAEF0061DB01 /* Preview Assets.xcassets */,
			);
			path = "Preview Content";
			sourceTree = "<group>";
		};
/* End PBXGroup section */

/* Begin PBXNativeTarget section */
		A99C11222A41DAEE0061DB01 /* lift-subjects-from-images */ = {
			isa = PBXNativeTarget;
			buildConfigurationList = A99C11312A41DAEF0061DB01 /* Build configuration list for PBXNativeTarget "lift-subjects-from-images" */;
			buildPhases = (
				A99C111F2A41DAEE0061DB01 /* Sources */,
				A99C11202A41DAEE0061DB01 /* Frameworks */,
				A99C11212A41DAEE0061DB01 /* Resources */,
			);
			buildRules = (
			);
			dependencies = (
			);
			name = "lift-subjects-from-images";
			productName = "lift-subjects-from-images";
			productReference = A99C11232A41DAEE0061DB01 /* lift-subjects-from-images.app */;
			productType = "com.apple.product-type.application";
		};
/* End PBXNativeTarget section */

/* Begin PBXProject section */
		A99C111B2A41DAED0061DB01 /* Project object */ = {
			isa = PBXProject;
			attributes = {
				BuildIndependentTargetsInParallel = 1;
				LastSwiftUpdateCheck = 1500;
				LastUpgradeCheck = 1500;
				TargetAttributes = {
					A99C11222A41DAEE0061DB01 = {
						CreatedOnToolsVersion = 15.0;
					};
				};
			};
			buildConfigurationList = A99C111E2A41DAED0061DB01 /* Build configuration list for PBXProject "lift-subjects-from-images" */;
			compatibilityVersion = "Xcode 14.0";
			developmentRegion = en;
			hasScannedForEncodings = 0;
			knownRegions = (
				en,
				Base,
			);
			mainGroup = A99C111A2A41DAED0061DB01;
			productRefGroup = A99C11242A41DAEE0061DB01 /* Products */;
			projectDirPath = "";
			projectRoot = "";
			targets = (
				A99C11222A41DAEE0061DB01 /* lift-subjects-from-images */,
			);
		};
/* End PBXProject section */

/* Begin PBXResourcesBuildPhase section */
		A99C11212A41DAEE0061DB01 /* Resources */ = {
			isa = PBXResourcesBuildPhase;
			buildActionMask = 2147483647;
			files = (
				A99C112E2A41DAEF0061DB01 /* Preview Assets.xcassets in Resources */,
				A99C112B2A41DAEF0061DB01 /* Assets.xcassets in Resources */,
			);
			runOnlyForDeploymentPostprocessing = 0;
		};
/* End PBXResourcesBuildPhase section */

/* Begin PBXSourcesBuildPhase section */
		A99C111F2A41DAEE0061DB01 /* Sources */ = {
			isa = PBXSourcesBuildPhase;
			buildActionMask = 2147483647;
			files = (
				A99C11352A41DBD40061DB01 /* ImageLift.swift in Sources */,
				A99C11292A41DAEE0061DB01 /* ContentView.swift in Sources */,
				A99C11272A41DAEE0061DB01 /* lift_subjects_from_imagesApp.swift in Sources */,
				A99C11372A41DE400061DB01 /* ImageLiftView.swift in Sources */,
			);
			runOnlyForDeploymentPostprocessing = 0;
		};
/* End PBXSourcesBuildPhase section */

/* Begin XCBuildConfiguration section */
		A99C112F2A41DAEF0061DB01 /* Debug */ = {
			isa = XCBuildConfiguration;
			buildSettings = {
				ALWAYS_SEARCH_USER_PATHS = NO;
				ASSETCATALOG_COMPILER_GENERATE_SWIFT_ASSET_SYMBOL_EXTENSIONS = YES;
				CLANG_ANALYZER_NONNULL = YES;
				CLANG_ANALYZER_NUMBER_OBJECT_CONVERSION = YES_AGGRESSIVE;
				CLANG_CXX_LANGUAGE_STANDARD = "gnu++20";
				CLANG_ENABLE_MODULES = YES;
				CLANG_ENABLE_OBJC_ARC = YES;
				CLANG_ENABLE_OBJC_WEAK = YES;
				CLANG_WARN_BLOCK_CAPTURE_AUTORELEASING = YES;
				CLANG_WARN_BOOL_CONVERSION = YES;
				CLANG_WARN_COMMA = YES;
				CLANG_WARN_CONSTANT_CONVERSION = YES;
				CLANG_WARN_DEPRECATED_OBJC_IMPLEMENTATIONS = YES;
				CLANG_WARN_DIRECT_OBJC_ISA_USAGE = YES_ERROR;
				CLANG_WARN_DOCUMENTATION_COMMENTS = YES;
				CLANG_WARN_EMPTY_BODY = YES;
				CLANG_WARN_ENUM_CONVERSION = YES;
				CLANG_WARN_INFINITE_RECURSION = YES;
				CLANG_WARN_INT_CONVERSION = YES;
				CLANG_WARN_NON_LITERAL_NULL_CONVERSION = YES;
				CLANG_WARN_OBJC_IMPLICIT_RETAIN_SELF = YES;
				CLANG_WARN_OBJC_LITERAL_CONVERSION = YES;
				CLANG_WARN_OBJC_ROOT_CLASS = YES_ERROR;
				CLANG_WARN_QUOTED_INCLUDE_IN_FRAMEWORK_HEADER = YES;
				CLANG_WARN_RANGE_LOOP_ANALYSIS = YES;
				CLANG_WARN_STRICT_PROTOTYPES = YES;
				CLANG_WARN_SUSPICIOUS_MOVE = YES;
				CLANG_WARN_UNGUARDED_AVAILABILITY = YES_AGGRESSIVE;
				CLANG_WARN_UNREACHABLE_CODE = YES;
				CLANG_WARN__DUPLICATE_METHOD_MATCH = YES;
				COPY_PHASE_STRIP = NO;
				DEBUG_INFORMATION_FORMAT = dwarf;
				ENABLE_STRICT_OBJC_MSGSEND = YES;
				ENABLE_TESTABILITY = YES;
				ENABLE_USER_SCRIPT_SANDBOXING = YES;
				GCC_C_LANGUAGE_STANDARD = gnu17;
				GCC_DYNAMIC_NO_PIC = NO;
				GCC_NO_COMMON_BLOCKS = YES;
				GCC_OPTIMIZATION_LEVEL = 0;
				GCC_PREPROCESSOR_DEFINITIONS = (
					"DEBUG=1",
					"$(inherited)",
				);
				GCC_WARN_64_TO_32_BIT_CONVERSION = YES;
				GCC_WARN_ABOUT_RETURN_TYPE = YES_ERROR;
				GCC_WARN_UNDECLARED_SELECTOR = YES;
				GCC_WARN_UNINITIALIZED_AUTOS = YES_AGGRESSIVE;
				GCC_WARN_UNUSED_FUNCTION = YES;
				GCC_WARN_UNUSED_VARIABLE = YES;
				IPHONEOS_DEPLOYMENT_TARGET = 17.0;
				LOCALIZATION_PREFERS_STRING_CATALOGS = YES;
				MTL_ENABLE_DEBUG_INFO = INCLUDE_SOURCE;
				MTL_FAST_MATH = YES;
				ONLY_ACTIVE_ARCH = YES;
				SDKROOT = iphoneos;
				SWIFT_ACTIVE_COMPILATION_CONDITIONS = "DEBUG $(inherited)";
				SWIFT_OPTIMIZATION_LEVEL = "-Onone";
			};
			name = Debug;
		};
		A99C11302A41DAEF0061DB01 /* Release */ = {
			isa = XCBuildConfiguration;
			buildSettings = {
				ALWAYS_SEARCH_USER_PATHS = NO;
				ASSETCATALOG_COMPILER_GENERATE_SWIFT_ASSET_SYMBOL_EXTENSIONS = YES;
				CLANG_ANALYZER_NONNULL = YES;
				CLANG_ANALYZER_NUMBER_OBJECT_CONVERSION = YES_AGGRESSIVE;
				CLANG_CXX_LANGUAGE_STANDARD = "gnu++20";
				CLANG_ENABLE_MODULES = YES;
				CLANG_ENABLE_OBJC_ARC = YES;
				CLANG_ENABLE_OBJC_WEAK = YES;
				CLANG_WARN_BLOCK_CAPTURE_AUTORELEASING = YES;
				CLANG_WARN_BOOL_CONVERSION = YES;
				CLANG_WARN_COMMA = YES;
				CLANG_WARN_CONSTANT_CONVERSION = YES;
				CLANG_WARN_DEPRECATED_OBJC_IMPLEMENTATIONS = YES;
				CLANG_WARN_DIRECT_OBJC_ISA_USAGE = YES_ERROR;
				CLANG_WARN_DOCUMENTATION_COMMENTS = YES;
				CLANG_WARN_EMPTY_BODY = YES;
				CLANG_WARN_ENUM_CONVERSION = YES;
				CLANG_WARN_INFINITE_RECURSION = YES;
				CLANG_WARN_INT_CONVERSION = YES;
				CLANG_WARN_NON_LITERAL_NULL_CONVERSION = YES;
				CLANG_WARN_OBJC_IMPLICIT_RETAIN_SELF = YES;
				CLANG_WARN_OBJC_LITERAL_CONVERSION = YES;
				CLANG_WARN_OBJC_ROOT_CLASS = YES_ERROR;
				CLANG_WARN_QUOTED_INCLUDE_IN_FRAMEWORK_HEADER = YES;
				CLANG_WARN_RANGE_LOOP_ANALYSIS = YES;
				CLANG_WARN_STRICT_PROTOTYPES = YES;
				CLANG_WARN_SUSPICIOUS_MOVE = YES;
				CLANG_WARN_UNGUARDED_AVAILABILITY = YES_AGGRESSIVE;
				CLANG_WARN_UNREACHABLE_CODE = YES;
				CLANG_WARN__DUPLICATE_METHOD_MATCH = YES;
				COPY_PHASE_STRIP = NO;
				DEBUG_INFORMATION_FORMAT = "dwarf-with-dsym";
				ENABLE_NS_ASSERTIONS = NO;
				ENABLE_STRICT_OBJC_MSGSEND = YES;
				ENABLE_USER_SCRIPT_SANDBOXING = YES;
				GCC_C_LANGUAGE_STANDARD = gnu17;
				GCC_NO_COMMON_BLOCKS = YES;
				GCC_WARN_64_TO_32_BIT_CONVERSION = YES;
				GCC_WARN_ABOUT_RETURN_TYPE = YES_ERROR;
				GCC_WARN_UNDECLARED_SELECTOR = YES;
				GCC_WARN_UNINITIALIZED_AUTOS = YES_AGGRESSIVE;
				GCC_WARN_UNUSED_FUNCTION = YES;
				GCC_WARN_UNUSED_VARIABLE = YES;
				IPHONEOS_DEPLOYMENT_TARGET = 17.0;
				LOCALIZATION_PREFERS_STRING_CATALOGS = YES;
				MTL_ENABLE_DEBUG_INFO = NO;
				MTL_FAST_MATH = YES;
				SDKROOT = iphoneos;
				SWIFT_COMPILATION_MODE = wholemodule;
				VALIDATE_PRODUCT = YES;
			};
			name = Release;
		};
		A99C11322A41DAEF0061DB01 /* Debug */ = {
			isa = XCBuildConfiguration;
			buildSettings = {
				ASSETCATALOG_COMPILER_APPICON_NAME = AppIcon;
				ASSETCATALOG_COMPILER_GLOBAL_ACCENT_COLOR_NAME = AccentColor;
				CODE_SIGN_STYLE = Automatic;
				CURRENT_PROJECT_VERSION = 1;
				DEVELOPMENT_ASSET_PATHS = "\"lift-subjects-from-images/Preview Content\"";
				DEVELOPMENT_TEAM = YRB62S584T;
				ENABLE_PREVIEWS = YES;
				GENERATE_INFOPLIST_FILE = YES;
				INFOPLIST_KEY_UIApplicationSceneManifest_Generation = YES;
				INFOPLIST_KEY_UIApplicationSupportsIndirectInputEvents = YES;
				INFOPLIST_KEY_UILaunchScreen_Generation = YES;
				INFOPLIST_KEY_UISupportedInterfaceOrientations_iPad = "UIInterfaceOrientationPortrait UIInterfaceOrientationPortraitUpsideDown UIInterfaceOrientationLandscapeLeft UIInterfaceOrientationLandscapeRight";
				INFOPLIST_KEY_UISupportedInterfaceOrientations_iPhone = "UIInterfaceOrientationPortrait UIInterfaceOrientationLandscapeLeft UIInterfaceOrientationLandscapeRight";
				LD_RUNPATH_SEARCH_PATHS = (
					"$(inherited)",
					"@executable_path/Frameworks",
				);
				MARKETING_VERSION = 1.0;
				PRODUCT_BUNDLE_IDENTIFIER = "com.noreply-eamil.lift-subjects-from-images";
				PRODUCT_NAME = "$(TARGET_NAME)";
				SWIFT_EMIT_LOC_STRINGS = YES;
				SWIFT_VERSION = 5.0;
				TARGETED_DEVICE_FAMILY = "1,2";
			};
			name = Debug;
		};
		A99C11332A41DAEF0061DB01 /* Release */ = {
			isa = XCBuildConfiguration;
			buildSettings = {
				ASSETCATALOG_COMPILER_APPICON_NAME = AppIcon;
				ASSETCATALOG_COMPILER_GLOBAL_ACCENT_COLOR_NAME = AccentColor;
				CODE_SIGN_STYLE = Automatic;
				CURRENT_PROJECT_VERSION = 1;
				DEVELOPMENT_ASSET_PATHS = "\"lift-subjects-from-images/Preview Content\"";
				DEVELOPMENT_TEAM = YRB62S584T;
				ENABLE_PREVIEWS = YES;
				GENERATE_INFOPLIST_FILE = YES;
				INFOPLIST_KEY_UIApplicationSceneManifest_Generation = YES;
				INFOPLIST_KEY_UIApplicationSupportsIndirectInputEvents = YES;
				INFOPLIST_KEY_UILaunchScreen_Generation = YES;
				INFOPLIST_KEY_UISupportedInterfaceOrientations_iPad = "UIInterfaceOrientationPortrait UIInterfaceOrientationPortraitUpsideDown UIInterfaceOrientationLandscapeLeft UIInterfaceOrientationLandscapeRight";
				INFOPLIST_KEY_UISupportedInterfaceOrientations_iPhone = "UIInterfaceOrientationPortrait UIInterfaceOrientationLandscapeLeft UIInterfaceOrientationLandscapeRight";
				LD_RUNPATH_SEARCH_PATHS = (
					"$(inherited)",
					"@executable_path/Frameworks",
				);
				MARKETING_VERSION = 1.0;
				PRODUCT_BUNDLE_IDENTIFIER = "com.noreply-eamil.lift-subjects-from-images";
				PRODUCT_NAME = "$(TARGET_NAME)";
				SWIFT_EMIT_LOC_STRINGS = YES;
				SWIFT_VERSION = 5.0;
				TARGETED_DEVICE_FAMILY = "1,2";
			};
			name = Release;
		};
/* End XCBuildConfiguration section */

/* Begin XCConfigurationList section */
		A99C111E2A41DAED0061DB01 /* Build configuration list for PBXProject "lift-subjects-from-images" */ = {
			isa = XCConfigurationList;
			buildConfigurations = (
				A99C112F2A41DAEF0061DB01 /* Debug */,
				A99C11302A41DAEF0061DB01 /* Release */,
			);
			defaultConfigurationIsVisible = 0;
			defaultConfigurationName = Release;
		};
		A99C11312A41DAEF0061DB01 /* Build configuration list for PBXNativeTarget "lift-subjects-from-images" */ = {
			isa = XCConfigurationList;
			buildConfigurations = (
				A99C11322A41DAEF0061DB01 /* Debug */,
				A99C11332A41DAEF0061DB01 /* Release */,
			);
			defaultConfigurationIsVisible = 0;
			defaultConfigurationName = Release;
		};
/* End XCConfigurationList section */
	};
	rootObject = A99C111B2A41DAED0061DB01 /* Project object */;
}
