// !$*UTF8*$!
{
	archiveVersion = 1;
	classes = {
	};
	objectVersion = 56;
	objects = {

/* Begin PBXBuildFile section */
		A9DA85472A31A12200EBE7EB /* discover_observation_in_swiftuiApp.swift in Sources */ = {isa = PBXBuildFile; fileRef = A9DA85462A31A12200EBE7EB /* discover_observation_in_swiftuiApp.swift */; };
		A9DA85492A31A12200EBE7EB /* ContentView.swift in Sources */ = {isa = PBXBuildFile; fileRef = A9DA85482A31A12200EBE7EB /* ContentView.swift */; };
		A9DA854B2A31A12300EBE7EB /* Assets.xcassets in Resources */ = {isa = PBXBuildFile; fileRef = A9DA854A2A31A12300EBE7EB /* Assets.xcassets */; };
		A9DA854E2A31A12300EBE7EB /* Preview Assets.xcassets in Resources */ = {isa = PBXBuildFile; fileRef = A9DA854D2A31A12300EBE7EB /* Preview Assets.xcassets */; };
		A9DA85552A31AC3100EBE7EB /* Music.swift in Sources */ = {isa = PBXBuildFile; fileRef = A9DA85542A31AC3100EBE7EB /* Music.swift */; };
		A9DA85572A31AC8600EBE7EB /* ModelData.swift in Sources */ = {isa = PBXBuildFile; fileRef = A9DA85562A31AC8600EBE7EB /* ModelData.swift */; };
		A9DA85592A31B57200EBE7EB /* ModelData_OOversion.swift in Sources */ = {isa = PBXBuildFile; fileRef = A9DA85582A31B57200EBE7EB /* ModelData_OOversion.swift */; };
		A9DA855D2A31B64F00EBE7EB /* ContentView_OOVersion.swift in Sources */ = {isa = PBXBuildFile; fileRef = A9DA855C2A31B64F00EBE7EB /* ContentView_OOVersion.swift */; };
		A9DA855F2A31BEA800EBE7EB /* Book.swift in Sources */ = {isa = PBXBuildFile; fileRef = A9DA855E2A31BEA800EBE7EB /* Book.swift */; };
		A9DA85612A31BF9000EBE7EB /* BooksList.swift in Sources */ = {isa = PBXBuildFile; fileRef = A9DA85602A31BF9000EBE7EB /* BooksList.swift */; };
		A9DA85632A31E94500EBE7EB /* Article.swift in Sources */ = {isa = PBXBuildFile; fileRef = A9DA85622A31E94500EBE7EB /* Article.swift */; };
		A9DA85652A31E99800EBE7EB /* ArticleEditView.swift in Sources */ = {isa = PBXBuildFile; fileRef = A9DA85642A31E99800EBE7EB /* ArticleEditView.swift */; };
		A9DA85702A31EF2A00EBE7EB /* Account.swift in Sources */ = {isa = PBXBuildFile; fileRef = A9DA856F2A31EF2A00EBE7EB /* Account.swift */; };
		A9DA85722A31EF9C00EBE7EB /* AccountView.swift in Sources */ = {isa = PBXBuildFile; fileRef = A9DA85712A31EF9C00EBE7EB /* AccountView.swift */; };
/* End PBXBuildFile section */

/* Begin PBXFileReference section */
		A9DA85432A31A12200EBE7EB /* discover-observation-in-swiftui.app */ = {isa = PBXFileReference; explicitFileType = wrapper.application; includeInIndex = 0; path = "discover-observation-in-swiftui.app"; sourceTree = BUILT_PRODUCTS_DIR; };
		A9DA85462A31A12200EBE7EB /* discover_observation_in_swiftuiApp.swift */ = {isa = PBXFileReference; lastKnownFileType = sourcecode.swift; path = discover_observation_in_swiftuiApp.swift; sourceTree = "<group>"; };
		A9DA85482A31A12200EBE7EB /* ContentView.swift */ = {isa = PBXFileReference; lastKnownFileType = sourcecode.swift; path = ContentView.swift; sourceTree = "<group>"; };
		A9DA854A2A31A12300EBE7EB /* Assets.xcassets */ = {isa = PBXFileReference; lastKnownFileType = folder.assetcatalog; path = Assets.xcassets; sourceTree = "<group>"; };
		A9DA854D2A31A12300EBE7EB /* Preview Assets.xcassets */ = {isa = PBXFileReference; lastKnownFileType = folder.assetcatalog; path = "Preview Assets.xcassets"; sourceTree = "<group>"; };
		A9DA85542A31AC3100EBE7EB /* Music.swift */ = {isa = PBXFileReference; lastKnownFileType = sourcecode.swift; path = Music.swift; sourceTree = "<group>"; };
		A9DA85562A31AC8600EBE7EB /* ModelData.swift */ = {isa = PBXFileReference; lastKnownFileType = sourcecode.swift; path = ModelData.swift; sourceTree = "<group>"; };
		A9DA85582A31B57200EBE7EB /* ModelData_OOversion.swift */ = {isa = PBXFileReference; lastKnownFileType = sourcecode.swift; path = ModelData_OOversion.swift; sourceTree = "<group>"; };
		A9DA855C2A31B64F00EBE7EB /* ContentView_OOVersion.swift */ = {isa = PBXFileReference; lastKnownFileType = sourcecode.swift; path = ContentView_OOVersion.swift; sourceTree = "<group>"; };
		A9DA855E2A31BEA800EBE7EB /* Book.swift */ = {isa = PBXFileReference; lastKnownFileType = sourcecode.swift; path = Book.swift; sourceTree = "<group>"; };
		A9DA85602A31BF9000EBE7EB /* BooksList.swift */ = {isa = PBXFileReference; lastKnownFileType = sourcecode.swift; path = BooksList.swift; sourceTree = "<group>"; };
		A9DA85622A31E94500EBE7EB /* Article.swift */ = {isa = PBXFileReference; lastKnownFileType = sourcecode.swift; path = Article.swift; sourceTree = "<group>"; };
		A9DA85642A31E99800EBE7EB /* ArticleEditView.swift */ = {isa = PBXFileReference; lastKnownFileType = sourcecode.swift; path = ArticleEditView.swift; sourceTree = "<group>"; };
		A9DA856F2A31EF2A00EBE7EB /* Account.swift */ = {isa = PBXFileReference; lastKnownFileType = sourcecode.swift; path = Account.swift; sourceTree = "<group>"; };
		A9DA85712A31EF9C00EBE7EB /* AccountView.swift */ = {isa = PBXFileReference; lastKnownFileType = sourcecode.swift; path = AccountView.swift; sourceTree = "<group>"; };
/* End PBXFileReference section */

/* Begin PBXFrameworksBuildPhase section */
		A9DA85402A31A12200EBE7EB /* Frameworks */ = {
			isa = PBXFrameworksBuildPhase;
			buildActionMask = 2147483647;
			files = (
			);
			runOnlyForDeploymentPostprocessing = 0;
		};
/* End PBXFrameworksBuildPhase section */

/* Begin PBXGroup section */
		A9DA853A2A31A12200EBE7EB = {
			isa = PBXGroup;
			children = (
				A9DA85452A31A12200EBE7EB /* discover-observation-in-swiftui */,
				A9DA85442A31A12200EBE7EB /* Products */,
			);
			sourceTree = "<group>";
		};
		A9DA85442A31A12200EBE7EB /* Products */ = {
			isa = PBXGroup;
			children = (
				A9DA85432A31A12200EBE7EB /* discover-observation-in-swiftui.app */,
			);
			name = Products;
			sourceTree = "<group>";
		};
		A9DA85452A31A12200EBE7EB /* discover-observation-in-swiftui */ = {
			isa = PBXGroup;
			children = (
				A9DA85462A31A12200EBE7EB /* discover_observation_in_swiftuiApp.swift */,
				A9DA856A2A31ED4400EBE7EB /* environment-example */,
				A9DA85692A31ED2000EBE7EB /* OO-version-example */,
				A9DA85682A31ECF800EBE7EB /* observable-in-array-example */,
				A9DA85672A31ECD800EBE7EB /* bindable-example */,
				A9DA85662A31ECB400EBE7EB /* state-example */,
				A9DA854A2A31A12300EBE7EB /* Assets.xcassets */,
				A9DA854C2A31A12300EBE7EB /* Preview Content */,
			);
			path = "discover-observation-in-swiftui";
			sourceTree = "<group>";
		};
		A9DA854C2A31A12300EBE7EB /* Preview Content */ = {
			isa = PBXGroup;
			children = (
				A9DA854D2A31A12300EBE7EB /* Preview Assets.xcassets */,
			);
			path = "Preview Content";
			sourceTree = "<group>";
		};
		A9DA85662A31ECB400EBE7EB /* state-example */ = {
			isa = PBXGroup;
			children = (
				A9DA85562A31AC8600EBE7EB /* ModelData.swift */,
				A9DA85542A31AC3100EBE7EB /* Music.swift */,
				A9DA85482A31A12200EBE7EB /* ContentView.swift */,
			);
			path = "state-example";
			sourceTree = "<group>";
		};
		A9DA85672A31ECD800EBE7EB /* bindable-example */ = {
			isa = PBXGroup;
			children = (
				A9DA85642A31E99800EBE7EB /* ArticleEditView.swift */,
				A9DA85622A31E94500EBE7EB /* Article.swift */,
			);
			path = "bindable-example";
			sourceTree = "<group>";
		};
		A9DA85682A31ECF800EBE7EB /* observable-in-array-example */ = {
			isa = PBXGroup;
			children = (
				A9DA85602A31BF9000EBE7EB /* BooksList.swift */,
				A9DA855E2A31BEA800EBE7EB /* Book.swift */,
			);
			path = "observable-in-array-example";
			sourceTree = "<group>";
		};
		A9DA85692A31ED2000EBE7EB /* OO-version-example */ = {
			isa = PBXGroup;
			children = (
				A9DA855C2A31B64F00EBE7EB /* ContentView_OOVersion.swift */,
				A9DA85582A31B57200EBE7EB /* ModelData_OOversion.swift */,
			);
			path = "OO-version-example";
			sourceTree = "<group>";
		};
		A9DA856A2A31ED4400EBE7EB /* environment-example */ = {
			isa = PBXGroup;
			children = (
				A9DA856F2A31EF2A00EBE7EB /* Account.swift */,
				A9DA85712A31EF9C00EBE7EB /* AccountView.swift */,
			);
			path = "environment-example";
			sourceTree = "<group>";
		};
/* End PBXGroup section */

/* Begin PBXNativeTarget section */
		A9DA85422A31A12200EBE7EB /* discover-observation-in-swiftui */ = {
			isa = PBXNativeTarget;
			buildConfigurationList = A9DA85512A31A12300EBE7EB /* Build configuration list for PBXNativeTarget "discover-observation-in-swiftui" */;
			buildPhases = (
				A9DA853F2A31A12200EBE7EB /* Sources */,
				A9DA85402A31A12200EBE7EB /* Frameworks */,
				A9DA85412A31A12200EBE7EB /* Resources */,
			);
			buildRules = (
			);
			dependencies = (
			);
			name = "discover-observation-in-swiftui";
			productName = "discover-observation-in-swiftui";
			productReference = A9DA85432A31A12200EBE7EB /* discover-observation-in-swiftui.app */;
			productType = "com.apple.product-type.application";
		};
/* End PBXNativeTarget section */

/* Begin PBXProject section */
		A9DA853B2A31A12200EBE7EB /* Project object */ = {
			isa = PBXProject;
			attributes = {
				BuildIndependentTargetsInParallel = 1;
				LastSwiftUpdateCheck = 1500;
				LastUpgradeCheck = 1500;
				TargetAttributes = {
					A9DA85422A31A12200EBE7EB = {
						CreatedOnToolsVersion = 15.0;
					};
				};
			};
			buildConfigurationList = A9DA853E2A31A12200EBE7EB /* Build configuration list for PBXProject "discover-observation-in-swiftui" */;
			compatibilityVersion = "Xcode 14.0";
			developmentRegion = en;
			hasScannedForEncodings = 0;
			knownRegions = (
				en,
				Base,
			);
			mainGroup = A9DA853A2A31A12200EBE7EB;
			productRefGroup = A9DA85442A31A12200EBE7EB /* Products */;
			projectDirPath = "";
			projectRoot = "";
			targets = (
				A9DA85422A31A12200EBE7EB /* discover-observation-in-swiftui */,
			);
		};
/* End PBXProject section */

/* Begin PBXResourcesBuildPhase section */
		A9DA85412A31A12200EBE7EB /* Resources */ = {
			isa = PBXResourcesBuildPhase;
			buildActionMask = 2147483647;
			files = (
				A9DA854E2A31A12300EBE7EB /* Preview Assets.xcassets in Resources */,
				A9DA854B2A31A12300EBE7EB /* Assets.xcassets in Resources */,
			);
			runOnlyForDeploymentPostprocessing = 0;
		};
/* End PBXResourcesBuildPhase section */

/* Begin PBXSourcesBuildPhase section */
		A9DA853F2A31A12200EBE7EB /* Sources */ = {
			isa = PBXSourcesBuildPhase;
			buildActionMask = 2147483647;
			files = (
				A9DA85722A31EF9C00EBE7EB /* AccountView.swift in Sources */,
				A9DA85492A31A12200EBE7EB /* ContentView.swift in Sources */,
				A9DA85702A31EF2A00EBE7EB /* Account.swift in Sources */,
				A9DA85572A31AC8600EBE7EB /* ModelData.swift in Sources */,
				A9DA85632A31E94500EBE7EB /* Article.swift in Sources */,
				A9DA855F2A31BEA800EBE7EB /* Book.swift in Sources */,
				A9DA85592A31B57200EBE7EB /* ModelData_OOversion.swift in Sources */,
				A9DA85612A31BF9000EBE7EB /* BooksList.swift in Sources */,
				A9DA855D2A31B64F00EBE7EB /* ContentView_OOVersion.swift in Sources */,
				A9DA85472A31A12200EBE7EB /* discover_observation_in_swiftuiApp.swift in Sources */,
				A9DA85552A31AC3100EBE7EB /* Music.swift in Sources */,
				A9DA85652A31E99800EBE7EB /* ArticleEditView.swift in Sources */,
			);
			runOnlyForDeploymentPostprocessing = 0;
		};
/* End PBXSourcesBuildPhase section */

/* Begin XCBuildConfiguration section */
		A9DA854F2A31A12300EBE7EB /* Debug */ = {
			isa = XCBuildConfiguration;
			buildSettings = {
				ALWAYS_SEARCH_USER_PATHS = NO;
				ASSETCATALOG_COMPILER_GENERATE_SWIFT_ASSET_SYMBOL_EXTENSIONS = YES;
				CLANG_ANALYZER_NONNULL = YES;
				CLANG_ANALYZER_NUMBER_OBJECT_CONVERSION = YES_AGGRESSIVE;
				CLANG_CXX_LANGUAGE_STANDARD = "gnu++20";
				CLANG_ENABLE_MODULES = YES;
				CLANG_ENABLE_OBJC_ARC = YES;
				CLANG_ENABLE_OBJC_WEAK = YES;
				CLANG_WARN_BLOCK_CAPTURE_AUTORELEASING = YES;
				CLANG_WARN_BOOL_CONVERSION = YES;
				CLANG_WARN_COMMA = YES;
				CLANG_WARN_CONSTANT_CONVERSION = YES;
				CLANG_WARN_DEPRECATED_OBJC_IMPLEMENTATIONS = YES;
				CLANG_WARN_DIRECT_OBJC_ISA_USAGE = YES_ERROR;
				CLANG_WARN_DOCUMENTATION_COMMENTS = YES;
				CLANG_WARN_EMPTY_BODY = YES;
				CLANG_WARN_ENUM_CONVERSION = YES;
				CLANG_WARN_INFINITE_RECURSION = YES;
				CLANG_WARN_INT_CONVERSION = YES;
				CLANG_WARN_NON_LITERAL_NULL_CONVERSION = YES;
				CLANG_WARN_OBJC_IMPLICIT_RETAIN_SELF = YES;
				CLANG_WARN_OBJC_LITERAL_CONVERSION = YES;
				CLANG_WARN_OBJC_ROOT_CLASS = YES_ERROR;
				CLANG_WARN_QUOTED_INCLUDE_IN_FRAMEWORK_HEADER = YES;
				CLANG_WARN_RANGE_LOOP_ANALYSIS = YES;
				CLANG_WARN_STRICT_PROTOTYPES = YES;
				CLANG_WARN_SUSPICIOUS_MOVE = YES;
				CLANG_WARN_UNGUARDED_AVAILABILITY = YES_AGGRESSIVE;
				CLANG_WARN_UNREACHABLE_CODE = YES;
				CLANG_WARN__DUPLICATE_METHOD_MATCH = YES;
				COPY_PHASE_STRIP = NO;
				DEBUG_INFORMATION_FORMAT = dwarf;
				ENABLE_STRICT_OBJC_MSGSEND = YES;
				ENABLE_TESTABILITY = YES;
				ENABLE_USER_SCRIPT_SANDBOXING = YES;
				GCC_C_LANGUAGE_STANDARD = gnu17;
				GCC_DYNAMIC_NO_PIC = NO;
				GCC_NO_COMMON_BLOCKS = YES;
				GCC_OPTIMIZATION_LEVEL = 0;
				GCC_PREPROCESSOR_DEFINITIONS = (
					"DEBUG=1",
					"$(inherited)",
				);
				GCC_WARN_64_TO_32_BIT_CONVERSION = YES;
				GCC_WARN_ABOUT_RETURN_TYPE = YES_ERROR;
				GCC_WARN_UNDECLARED_SELECTOR = YES;
				GCC_WARN_UNINITIALIZED_AUTOS = YES_AGGRESSIVE;
				GCC_WARN_UNUSED_FUNCTION = YES;
				GCC_WARN_UNUSED_VARIABLE = YES;
				IPHONEOS_DEPLOYMENT_TARGET = 17.0;
				LOCALIZATION_PREFERS_STRING_CATALOGS = YES;
				MTL_ENABLE_DEBUG_INFO = INCLUDE_SOURCE;
				MTL_FAST_MATH = YES;
				ONLY_ACTIVE_ARCH = YES;
				SDKROOT = iphoneos;
				SWIFT_ACTIVE_COMPILATION_CONDITIONS = "DEBUG $(inherited)";
				SWIFT_OPTIMIZATION_LEVEL = "-Onone";
			};
			name = Debug;
		};
		A9DA85502A31A12300EBE7EB /* Release */ = {
			isa = XCBuildConfiguration;
			buildSettings = {
				ALWAYS_SEARCH_USER_PATHS = NO;
				ASSETCATALOG_COMPILER_GENERATE_SWIFT_ASSET_SYMBOL_EXTENSIONS = YES;
				CLANG_ANALYZER_NONNULL = YES;
				CLANG_ANALYZER_NUMBER_OBJECT_CONVERSION = YES_AGGRESSIVE;
				CLANG_CXX_LANGUAGE_STANDARD = "gnu++20";
				CLANG_ENABLE_MODULES = YES;
				CLANG_ENABLE_OBJC_ARC = YES;
				CLANG_ENABLE_OBJC_WEAK = YES;
				CLANG_WARN_BLOCK_CAPTURE_AUTORELEASING = YES;
				CLANG_WARN_BOOL_CONVERSION = YES;
				CLANG_WARN_COMMA = YES;
				CLANG_WARN_CONSTANT_CONVERSION = YES;
				CLANG_WARN_DEPRECATED_OBJC_IMPLEMENTATIONS = YES;
				CLANG_WARN_DIRECT_OBJC_ISA_USAGE = YES_ERROR;
				CLANG_WARN_DOCUMENTATION_COMMENTS = YES;
				CLANG_WARN_EMPTY_BODY = YES;
				CLANG_WARN_ENUM_CONVERSION = YES;
				CLANG_WARN_INFINITE_RECURSION = YES;
				CLANG_WARN_INT_CONVERSION = YES;
				CLANG_WARN_NON_LITERAL_NULL_CONVERSION = YES;
				CLANG_WARN_OBJC_IMPLICIT_RETAIN_SELF = YES;
				CLANG_WARN_OBJC_LITERAL_CONVERSION = YES;
				CLANG_WARN_OBJC_ROOT_CLASS = YES_ERROR;
				CLANG_WARN_QUOTED_INCLUDE_IN_FRAMEWORK_HEADER = YES;
				CLANG_WARN_RANGE_LOOP_ANALYSIS = YES;
				CLANG_WARN_STRICT_PROTOTYPES = YES;
				CLANG_WARN_SUSPICIOUS_MOVE = YES;
				CLANG_WARN_UNGUARDED_AVAILABILITY = YES_AGGRESSIVE;
				CLANG_WARN_UNREACHABLE_CODE = YES;
				CLANG_WARN__DUPLICATE_METHOD_MATCH = YES;
				COPY_PHASE_STRIP = NO;
				DEBUG_INFORMATION_FORMAT = "dwarf-with-dsym";
				ENABLE_NS_ASSERTIONS = NO;
				ENABLE_STRICT_OBJC_MSGSEND = YES;
				ENABLE_USER_SCRIPT_SANDBOXING = YES;
				GCC_C_LANGUAGE_STANDARD = gnu17;
				GCC_NO_COMMON_BLOCKS = YES;
				GCC_WARN_64_TO_32_BIT_CONVERSION = YES;
				GCC_WARN_ABOUT_RETURN_TYPE = YES_ERROR;
				GCC_WARN_UNDECLARED_SELECTOR = YES;
				GCC_WARN_UNINITIALIZED_AUTOS = YES_AGGRESSIVE;
				GCC_WARN_UNUSED_FUNCTION = YES;
				GCC_WARN_UNUSED_VARIABLE = YES;
				IPHONEOS_DEPLOYMENT_TARGET = 17.0;
				LOCALIZATION_PREFERS_STRING_CATALOGS = YES;
				MTL_ENABLE_DEBUG_INFO = NO;
				MTL_FAST_MATH = YES;
				SDKROOT = iphoneos;
				SWIFT_COMPILATION_MODE = wholemodule;
				VALIDATE_PRODUCT = YES;
			};
			name = Release;
		};
		A9DA85522A31A12300EBE7EB /* Debug */ = {
			isa = XCBuildConfiguration;
			buildSettings = {
				ASSETCATALOG_COMPILER_APPICON_NAME = AppIcon;
				ASSETCATALOG_COMPILER_GLOBAL_ACCENT_COLOR_NAME = AccentColor;
				CODE_SIGN_STYLE = Automatic;
				CURRENT_PROJECT_VERSION = 1;
				DEVELOPMENT_ASSET_PATHS = "\"discover-observation-in-swiftui/Preview Content\"";
				DEVELOPMENT_TEAM = YRB62S584T;
				ENABLE_PREVIEWS = YES;
				GENERATE_INFOPLIST_FILE = YES;
				INFOPLIST_KEY_UIApplicationSceneManifest_Generation = YES;
				INFOPLIST_KEY_UIApplicationSupportsIndirectInputEvents = YES;
				INFOPLIST_KEY_UILaunchScreen_Generation = YES;
				INFOPLIST_KEY_UISupportedInterfaceOrientations_iPad = "UIInterfaceOrientationPortrait UIInterfaceOrientationPortraitUpsideDown UIInterfaceOrientationLandscapeLeft UIInterfaceOrientationLandscapeRight";
				INFOPLIST_KEY_UISupportedInterfaceOrientations_iPhone = "UIInterfaceOrientationPortrait UIInterfaceOrientationLandscapeLeft UIInterfaceOrientationLandscapeRight";
				LD_RUNPATH_SEARCH_PATHS = (
					"$(inherited)",
					"@executable_path/Frameworks",
				);
				MARKETING_VERSION = 1.0;
				PRODUCT_BUNDLE_IDENTIFIER = "com.noreply-eamil.discover-observation-in-swiftui";
				PRODUCT_NAME = "$(TARGET_NAME)";
				SWIFT_EMIT_LOC_STRINGS = YES;
				SWIFT_VERSION = 5.0;
				TARGETED_DEVICE_FAMILY = "1,2";
			};
			name = Debug;
		};
		A9DA85532A31A12300EBE7EB /* Release */ = {
			isa = XCBuildConfiguration;
			buildSettings = {
				ASSETCATALOG_COMPILER_APPICON_NAME = AppIcon;
				ASSETCATALOG_COMPILER_GLOBAL_ACCENT_COLOR_NAME = AccentColor;
				CODE_SIGN_STYLE = Automatic;
				CURRENT_PROJECT_VERSION = 1;
				DEVELOPMENT_ASSET_PATHS = "\"discover-observation-in-swiftui/Preview Content\"";
				DEVELOPMENT_TEAM = YRB62S584T;
				ENABLE_PREVIEWS = YES;
				GENERATE_INFOPLIST_FILE = YES;
				INFOPLIST_KEY_UIApplicationSceneManifest_Generation = YES;
				INFOPLIST_KEY_UIApplicationSupportsIndirectInputEvents = YES;
				INFOPLIST_KEY_UILaunchScreen_Generation = YES;
				INFOPLIST_KEY_UISupportedInterfaceOrientations_iPad = "UIInterfaceOrientationPortrait UIInterfaceOrientationPortraitUpsideDown UIInterfaceOrientationLandscapeLeft UIInterfaceOrientationLandscapeRight";
				INFOPLIST_KEY_UISupportedInterfaceOrientations_iPhone = "UIInterfaceOrientationPortrait UIInterfaceOrientationLandscapeLeft UIInterfaceOrientationLandscapeRight";
				LD_RUNPATH_SEARCH_PATHS = (
					"$(inherited)",
					"@executable_path/Frameworks",
				);
				MARKETING_VERSION = 1.0;
				PRODUCT_BUNDLE_IDENTIFIER = "com.noreply-eamil.discover-observation-in-swiftui";
				PRODUCT_NAME = "$(TARGET_NAME)";
				SWIFT_EMIT_LOC_STRINGS = YES;
				SWIFT_VERSION = 5.0;
				TARGETED_DEVICE_FAMILY = "1,2";
			};
			name = Release;
		};
/* End XCBuildConfiguration section */

/* Begin XCConfigurationList section */
		A9DA853E2A31A12200EBE7EB /* Build configuration list for PBXProject "discover-observation-in-swiftui" */ = {
			isa = XCConfigurationList;
			buildConfigurations = (
				A9DA854F2A31A12300EBE7EB /* Debug */,
				A9DA85502A31A12300EBE7EB /* Release */,
			);
			defaultConfigurationIsVisible = 0;
			defaultConfigurationName = Release;
		};
		A9DA85512A31A12300EBE7EB /* Build configuration list for PBXNativeTarget "discover-observation-in-swiftui" */ = {
			isa = XCConfigurationList;
			buildConfigurations = (
				A9DA85522A31A12300EBE7EB /* Debug */,
				A9DA85532A31A12300EBE7EB /* Release */,
			);
			defaultConfigurationIsVisible = 0;
			defaultConfigurationName = Release;
		};
/* End XCConfigurationList section */
	};
	rootObject = A9DA853B2A31A12200EBE7EB /* Project object */;
}
