// !$*UTF8*$!
{
	archiveVersion = 1;
	classes = {
	};
	objectVersion = 60;
	objects = {

/* Begin PBXBuildFile section */
		A970E3F72A306CD300594C63 /* add_shareplayApp.swift in Sources */ = {isa = PBXBuildFile; fileRef = A970E3F62A306CD300594C63 /* add_shareplayApp.swift */; };
		A970E3F92A306CD300594C63 /* ContentView.swift in Sources */ = {isa = PBXBuildFile; fileRef = A970E3F82A306CD300594C63 /* ContentView.swift */; };
		A970E3FB2A306CD400594C63 /* Assets.xcassets in Resources */ = {isa = PBXBuildFile; fileRef = A970E3FA2A306CD400594C63 /* Assets.xcassets */; };
		A970E3FE2A306CD400594C63 /* Preview Assets.xcassets in Resources */ = {isa = PBXBuildFile; fileRef = A970E3FD2A306CD400594C63 /* Preview Assets.xcassets */; };
		A970E4052A306F2300594C63 /* OrderTogether.swift in Sources */ = {isa = PBXBuildFile; fileRef = A970E4042A306F2300594C63 /* OrderTogether.swift */; };
		A99CA06C2A308496009CE079 /* WWDC in Frameworks */ = {isa = PBXBuildFile; productRef = A99CA06B2A308496009CE079 /* WWDC */; };
/* End PBXBuildFile section */

/* Begin PBXFileReference section */
		A970E3F32A306CD300594C63 /* add-shareplay.app */ = {isa = PBXFileReference; explicitFileType = wrapper.application; includeInIndex = 0; path = "add-shareplay.app"; sourceTree = BUILT_PRODUCTS_DIR; };
		A970E3F62A306CD300594C63 /* add_shareplayApp.swift */ = {isa = PBXFileReference; lastKnownFileType = sourcecode.swift; path = add_shareplayApp.swift; sourceTree = "<group>"; };
		A970E3F82A306CD300594C63 /* ContentView.swift */ = {isa = PBXFileReference; lastKnownFileType = sourcecode.swift; path = ContentView.swift; sourceTree = "<group>"; };
		A970E3FA2A306CD400594C63 /* Assets.xcassets */ = {isa = PBXFileReference; lastKnownFileType = folder.assetcatalog; path = Assets.xcassets; sourceTree = "<group>"; };
		A970E3FD2A306CD400594C63 /* Preview Assets.xcassets */ = {isa = PBXFileReference; lastKnownFileType = folder.assetcatalog; path = "Preview Assets.xcassets"; sourceTree = "<group>"; };
		A970E4042A306F2300594C63 /* OrderTogether.swift */ = {isa = PBXFileReference; lastKnownFileType = sourcecode.swift; path = OrderTogether.swift; sourceTree = "<group>"; };
/* End PBXFileReference section */

/* Begin PBXFrameworksBuildPhase section */
		A970E3F02A306CD300594C63 /* Frameworks */ = {
			isa = PBXFrameworksBuildPhase;
			buildActionMask = 2147483647;
			files = (
				A99CA06C2A308496009CE079 /* WWDC in Frameworks */,
			);
			runOnlyForDeploymentPostprocessing = 0;
		};
/* End PBXFrameworksBuildPhase section */

/* Begin PBXGroup section */
		A970E3EA2A306CD300594C63 = {
			isa = PBXGroup;
			children = (
				A970E3F52A306CD300594C63 /* add-shareplay */,
				A970E3F42A306CD300594C63 /* Products */,
			);
			sourceTree = "<group>";
		};
		A970E3F42A306CD300594C63 /* Products */ = {
			isa = PBXGroup;
			children = (
				A970E3F32A306CD300594C63 /* add-shareplay.app */,
			);
			name = Products;
			sourceTree = "<group>";
		};
		A970E3F52A306CD300594C63 /* add-shareplay */ = {
			isa = PBXGroup;
			children = (
				A970E3F62A306CD300594C63 /* add_shareplayApp.swift */,
				A970E3F82A306CD300594C63 /* ContentView.swift */,
				A970E4042A306F2300594C63 /* OrderTogether.swift */,
				A970E3FA2A306CD400594C63 /* Assets.xcassets */,
				A970E3FC2A306CD400594C63 /* Preview Content */,
			);
			path = "add-shareplay";
			sourceTree = "<group>";
		};
		A970E3FC2A306CD400594C63 /* Preview Content */ = {
			isa = PBXGroup;
			children = (
				A970E3FD2A306CD400594C63 /* Preview Assets.xcassets */,
			);
			path = "Preview Content";
			sourceTree = "<group>";
		};
/* End PBXGroup section */

/* Begin PBXNativeTarget section */
		A970E3F22A306CD300594C63 /* add-shareplay */ = {
			isa = PBXNativeTarget;
			buildConfigurationList = A970E4012A306CD400594C63 /* Build configuration list for PBXNativeTarget "add-shareplay" */;
			buildPhases = (
				A970E3EF2A306CD300594C63 /* Sources */,
				A970E3F02A306CD300594C63 /* Frameworks */,
				A970E3F12A306CD300594C63 /* Resources */,
			);
			buildRules = (
			);
			dependencies = (
			);
			name = "add-shareplay";
			packageProductDependencies = (
				A99CA06B2A308496009CE079 /* WWDC */,
			);
			productName = "add-shareplay";
			productReference = A970E3F32A306CD300594C63 /* add-shareplay.app */;
			productType = "com.apple.product-type.application";
		};
/* End PBXNativeTarget section */

/* Begin PBXProject section */
		A970E3EB2A306CD300594C63 /* Project object */ = {
			isa = PBXProject;
			attributes = {
				BuildIndependentTargetsInParallel = 1;
				LastSwiftUpdateCheck = 1500;
				LastUpgradeCheck = 1500;
				TargetAttributes = {
					A970E3F22A306CD300594C63 = {
						CreatedOnToolsVersion = 15.0;
					};
				};
			};
			buildConfigurationList = A970E3EE2A306CD300594C63 /* Build configuration list for PBXProject "add-shareplay" */;
			compatibilityVersion = "Xcode 14.0";
			developmentRegion = en;
			hasScannedForEncodings = 0;
			knownRegions = (
				en,
				Base,
			);
			mainGroup = A970E3EA2A306CD300594C63;
			packageReferences = (
				A99CA0672A308420009CE079 /* XCLocalSwiftPackageReference "../WWDC" */,
				A99CA06A2A308496009CE079 /* XCLocalSwiftPackageReference "../WWDC" */,
				A99CA06D2A3084D7009CE079 /* XCLocalSwiftPackageReference "../WWDC" */,
				A99CA0702A30851D009CE079 /* XCLocalSwiftPackageReference "../WWDC" */,
			);
			productRefGroup = A970E3F42A306CD300594C63 /* Products */;
			projectDirPath = "";
			projectRoot = "";
			targets = (
				A970E3F22A306CD300594C63 /* add-shareplay */,
			);
		};
/* End PBXProject section */

/* Begin PBXResourcesBuildPhase section */
		A970E3F12A306CD300594C63 /* Resources */ = {
			isa = PBXResourcesBuildPhase;
			buildActionMask = 2147483647;
			files = (
				A970E3FE2A306CD400594C63 /* Preview Assets.xcassets in Resources */,
				A970E3FB2A306CD400594C63 /* Assets.xcassets in Resources */,
			);
			runOnlyForDeploymentPostprocessing = 0;
		};
/* End PBXResourcesBuildPhase section */

/* Begin PBXSourcesBuildPhase section */
		A970E3EF2A306CD300594C63 /* Sources */ = {
			isa = PBXSourcesBuildPhase;
			buildActionMask = 2147483647;
			files = (
				A970E4052A306F2300594C63 /* OrderTogether.swift in Sources */,
				A970E3F92A306CD300594C63 /* ContentView.swift in Sources */,
				A970E3F72A306CD300594C63 /* add_shareplayApp.swift in Sources */,
			);
			runOnlyForDeploymentPostprocessing = 0;
		};
/* End PBXSourcesBuildPhase section */

/* Begin XCBuildConfiguration section */
		A970E3FF2A306CD400594C63 /* Debug */ = {
			isa = XCBuildConfiguration;
			buildSettings = {
				ALWAYS_SEARCH_USER_PATHS = NO;
				ASSETCATALOG_COMPILER_GENERATE_SWIFT_ASSET_SYMBOL_EXTENSIONS = YES;
				CLANG_ANALYZER_NONNULL = YES;
				CLANG_ANALYZER_NUMBER_OBJECT_CONVERSION = YES_AGGRESSIVE;
				CLANG_CXX_LANGUAGE_STANDARD = "gnu++20";
				CLANG_ENABLE_MODULES = YES;
				CLANG_ENABLE_OBJC_ARC = YES;
				CLANG_ENABLE_OBJC_WEAK = YES;
				CLANG_WARN_BLOCK_CAPTURE_AUTORELEASING = YES;
				CLANG_WARN_BOOL_CONVERSION = YES;
				CLANG_WARN_COMMA = YES;
				CLANG_WARN_CONSTANT_CONVERSION = YES;
				CLANG_WARN_DEPRECATED_OBJC_IMPLEMENTATIONS = YES;
				CLANG_WARN_DIRECT_OBJC_ISA_USAGE = YES_ERROR;
				CLANG_WARN_DOCUMENTATION_COMMENTS = YES;
				CLANG_WARN_EMPTY_BODY = YES;
				CLANG_WARN_ENUM_CONVERSION = YES;
				CLANG_WARN_INFINITE_RECURSION = YES;
				CLANG_WARN_INT_CONVERSION = YES;
				CLANG_WARN_NON_LITERAL_NULL_CONVERSION = YES;
				CLANG_WARN_OBJC_IMPLICIT_RETAIN_SELF = YES;
				CLANG_WARN_OBJC_LITERAL_CONVERSION = YES;
				CLANG_WARN_OBJC_ROOT_CLASS = YES_ERROR;
				CLANG_WARN_QUOTED_INCLUDE_IN_FRAMEWORK_HEADER = YES;
				CLANG_WARN_RANGE_LOOP_ANALYSIS = YES;
				CLANG_WARN_STRICT_PROTOTYPES = YES;
				CLANG_WARN_SUSPICIOUS_MOVE = YES;
				CLANG_WARN_UNGUARDED_AVAILABILITY = YES_AGGRESSIVE;
				CLANG_WARN_UNREACHABLE_CODE = YES;
				CLANG_WARN__DUPLICATE_METHOD_MATCH = YES;
				COPY_PHASE_STRIP = NO;
				DEBUG_INFORMATION_FORMAT = dwarf;
				ENABLE_STRICT_OBJC_MSGSEND = YES;
				ENABLE_TESTABILITY = YES;
				ENABLE_USER_SCRIPT_SANDBOXING = YES;
				GCC_C_LANGUAGE_STANDARD = gnu17;
				GCC_DYNAMIC_NO_PIC = NO;
				GCC_NO_COMMON_BLOCKS = YES;
				GCC_OPTIMIZATION_LEVEL = 0;
				GCC_PREPROCESSOR_DEFINITIONS = (
					"DEBUG=1",
					"$(inherited)",
				);
				GCC_WARN_64_TO_32_BIT_CONVERSION = YES;
				GCC_WARN_ABOUT_RETURN_TYPE = YES_ERROR;
				GCC_WARN_UNDECLARED_SELECTOR = YES;
				GCC_WARN_UNINITIALIZED_AUTOS = YES_AGGRESSIVE;
				GCC_WARN_UNUSED_FUNCTION = YES;
				GCC_WARN_UNUSED_VARIABLE = YES;
				IPHONEOS_DEPLOYMENT_TARGET = 17.0;
				LOCALIZATION_PREFERS_STRING_CATALOGS = YES;
				MTL_ENABLE_DEBUG_INFO = INCLUDE_SOURCE;
				MTL_FAST_MATH = YES;
				ONLY_ACTIVE_ARCH = YES;
				SDKROOT = iphoneos;
				SWIFT_ACTIVE_COMPILATION_CONDITIONS = "DEBUG $(inherited)";
				SWIFT_OPTIMIZATION_LEVEL = "-Onone";
			};
			name = Debug;
		};
		A970E4002A306CD400594C63 /* Release */ = {
			isa = XCBuildConfiguration;
			buildSettings = {
				ALWAYS_SEARCH_USER_PATHS = NO;
				ASSETCATALOG_COMPILER_GENERATE_SWIFT_ASSET_SYMBOL_EXTENSIONS = YES;
				CLANG_ANALYZER_NONNULL = YES;
				CLANG_ANALYZER_NUMBER_OBJECT_CONVERSION = YES_AGGRESSIVE;
				CLANG_CXX_LANGUAGE_STANDARD = "gnu++20";
				CLANG_ENABLE_MODULES = YES;
				CLANG_ENABLE_OBJC_ARC = YES;
				CLANG_ENABLE_OBJC_WEAK = YES;
				CLANG_WARN_BLOCK_CAPTURE_AUTORELEASING = YES;
				CLANG_WARN_BOOL_CONVERSION = YES;
				CLANG_WARN_COMMA = YES;
				CLANG_WARN_CONSTANT_CONVERSION = YES;
				CLANG_WARN_DEPRECATED_OBJC_IMPLEMENTATIONS = YES;
				CLANG_WARN_DIRECT_OBJC_ISA_USAGE = YES_ERROR;
				CLANG_WARN_DOCUMENTATION_COMMENTS = YES;
				CLANG_WARN_EMPTY_BODY = YES;
				CLANG_WARN_ENUM_CONVERSION = YES;
				CLANG_WARN_INFINITE_RECURSION = YES;
				CLANG_WARN_INT_CONVERSION = YES;
				CLANG_WARN_NON_LITERAL_NULL_CONVERSION = YES;
				CLANG_WARN_OBJC_IMPLICIT_RETAIN_SELF = YES;
				CLANG_WARN_OBJC_LITERAL_CONVERSION = YES;
				CLANG_WARN_OBJC_ROOT_CLASS = YES_ERROR;
				CLANG_WARN_QUOTED_INCLUDE_IN_FRAMEWORK_HEADER = YES;
				CLANG_WARN_RANGE_LOOP_ANALYSIS = YES;
				CLANG_WARN_STRICT_PROTOTYPES = YES;
				CLANG_WARN_SUSPICIOUS_MOVE = YES;
				CLANG_WARN_UNGUARDED_AVAILABILITY = YES_AGGRESSIVE;
				CLANG_WARN_UNREACHABLE_CODE = YES;
				CLANG_WARN__DUPLICATE_METHOD_MATCH = YES;
				COPY_PHASE_STRIP = NO;
				DEBUG_INFORMATION_FORMAT = "dwarf-with-dsym";
				ENABLE_NS_ASSERTIONS = NO;
				ENABLE_STRICT_OBJC_MSGSEND = YES;
				ENABLE_USER_SCRIPT_SANDBOXING = YES;
				GCC_C_LANGUAGE_STANDARD = gnu17;
				GCC_NO_COMMON_BLOCKS = YES;
				GCC_WARN_64_TO_32_BIT_CONVERSION = YES;
				GCC_WARN_ABOUT_RETURN_TYPE = YES_ERROR;
				GCC_WARN_UNDECLARED_SELECTOR = YES;
				GCC_WARN_UNINITIALIZED_AUTOS = YES_AGGRESSIVE;
				GCC_WARN_UNUSED_FUNCTION = YES;
				GCC_WARN_UNUSED_VARIABLE = YES;
				IPHONEOS_DEPLOYMENT_TARGET = 17.0;
				LOCALIZATION_PREFERS_STRING_CATALOGS = YES;
				MTL_ENABLE_DEBUG_INFO = NO;
				MTL_FAST_MATH = YES;
				SDKROOT = iphoneos;
				SWIFT_COMPILATION_MODE = wholemodule;
				VALIDATE_PRODUCT = YES;
			};
			name = Release;
		};
		A970E4022A306CD400594C63 /* Debug */ = {
			isa = XCBuildConfiguration;
			buildSettings = {
				ASSETCATALOG_COMPILER_APPICON_NAME = AppIcon;
				ASSETCATALOG_COMPILER_GLOBAL_ACCENT_COLOR_NAME = AccentColor;
				CODE_SIGN_STYLE = Automatic;
				CURRENT_PROJECT_VERSION = 1;
				DEVELOPMENT_ASSET_PATHS = "\"add-shareplay/Preview Content\"";
				DEVELOPMENT_TEAM = YRB62S584T;
				ENABLE_PREVIEWS = YES;
				GENERATE_INFOPLIST_FILE = YES;
				INFOPLIST_KEY_UIApplicationSceneManifest_Generation = YES;
				INFOPLIST_KEY_UIApplicationSupportsIndirectInputEvents = YES;
				INFOPLIST_KEY_UILaunchScreen_Generation = YES;
				INFOPLIST_KEY_UISupportedInterfaceOrientations_iPad = "UIInterfaceOrientationPortrait UIInterfaceOrientationPortraitUpsideDown UIInterfaceOrientationLandscapeLeft UIInterfaceOrientationLandscapeRight";
				INFOPLIST_KEY_UISupportedInterfaceOrientations_iPhone = "UIInterfaceOrientationPortrait UIInterfaceOrientationLandscapeLeft UIInterfaceOrientationLandscapeRight";
				LD_RUNPATH_SEARCH_PATHS = (
					"$(inherited)",
					"@executable_path/Frameworks",
				);
				MARKETING_VERSION = 1.0;
				PRODUCT_BUNDLE_IDENTIFIER = "com.noreply-eamil.add-shareplay";
				PRODUCT_NAME = "$(TARGET_NAME)";
				SWIFT_EMIT_LOC_STRINGS = YES;
				SWIFT_VERSION = 5.0;
				TARGETED_DEVICE_FAMILY = "1,2";
			};
			name = Debug;
		};
		A970E4032A306CD400594C63 /* Release */ = {
			isa = XCBuildConfiguration;
			buildSettings = {
				ASSETCATALOG_COMPILER_APPICON_NAME = AppIcon;
				ASSETCATALOG_COMPILER_GLOBAL_ACCENT_COLOR_NAME = AccentColor;
				CODE_SIGN_STYLE = Automatic;
				CURRENT_PROJECT_VERSION = 1;
				DEVELOPMENT_ASSET_PATHS = "\"add-shareplay/Preview Content\"";
				DEVELOPMENT_TEAM = YRB62S584T;
				ENABLE_PREVIEWS = YES;
				GENERATE_INFOPLIST_FILE = YES;
				INFOPLIST_KEY_UIApplicationSceneManifest_Generation = YES;
				INFOPLIST_KEY_UIApplicationSupportsIndirectInputEvents = YES;
				INFOPLIST_KEY_UILaunchScreen_Generation = YES;
				INFOPLIST_KEY_UISupportedInterfaceOrientations_iPad = "UIInterfaceOrientationPortrait UIInterfaceOrientationPortraitUpsideDown UIInterfaceOrientationLandscapeLeft UIInterfaceOrientationLandscapeRight";
				INFOPLIST_KEY_UISupportedInterfaceOrientations_iPhone = "UIInterfaceOrientationPortrait UIInterfaceOrientationLandscapeLeft UIInterfaceOrientationLandscapeRight";
				LD_RUNPATH_SEARCH_PATHS = (
					"$(inherited)",
					"@executable_path/Frameworks",
				);
				MARKETING_VERSION = 1.0;
				PRODUCT_BUNDLE_IDENTIFIER = "com.noreply-eamil.add-shareplay";
				PRODUCT_NAME = "$(TARGET_NAME)";
				SWIFT_EMIT_LOC_STRINGS = YES;
				SWIFT_VERSION = 5.0;
				TARGETED_DEVICE_FAMILY = "1,2";
			};
			name = Release;
		};
/* End XCBuildConfiguration section */

/* Begin XCConfigurationList section */
		A970E3EE2A306CD300594C63 /* Build configuration list for PBXProject "add-shareplay" */ = {
			isa = XCConfigurationList;
			buildConfigurations = (
				A970E3FF2A306CD400594C63 /* Debug */,
				A970E4002A306CD400594C63 /* Release */,
			);
			defaultConfigurationIsVisible = 0;
			defaultConfigurationName = Release;
		};
		A970E4012A306CD400594C63 /* Build configuration list for PBXNativeTarget "add-shareplay" */ = {
			isa = XCConfigurationList;
			buildConfigurations = (
				A970E4022A306CD400594C63 /* Debug */,
				A970E4032A306CD400594C63 /* Release */,
			);
			defaultConfigurationIsVisible = 0;
			defaultConfigurationName = Release;
		};
/* End XCConfigurationList section */

/* Begin XCLocalSwiftPackageReference section */
		A99CA0672A308420009CE079 /* XCLocalSwiftPackageReference "../WWDC" */ = {
			isa = XCLocalSwiftPackageReference;
			relativePath = ../WWDC;
		};
		A99CA06A2A308496009CE079 /* XCLocalSwiftPackageReference "../WWDC" */ = {
			isa = XCLocalSwiftPackageReference;
			relativePath = ../WWDC;
		};
		A99CA06D2A3084D7009CE079 /* XCLocalSwiftPackageReference "../WWDC" */ = {
			isa = XCLocalSwiftPackageReference;
			relativePath = ../WWDC;
		};
		A99CA0702A30851D009CE079 /* XCLocalSwiftPackageReference "../WWDC" */ = {
			isa = XCLocalSwiftPackageReference;
			relativePath = ../WWDC;
		};
/* End XCLocalSwiftPackageReference section */

/* Begin XCSwiftPackageProductDependency section */
		A99CA06B2A308496009CE079 /* WWDC */ = {
			isa = XCSwiftPackageProductDependency;
			productName = WWDC;
		};
/* End XCSwiftPackageProductDependency section */
	};
	rootObject = A970E3EB2A306CD300594C63 /* Project object */;
}
